
Microsoft Visual Studio Solution File, Format Version 11.00
# Visual C# Express 2010
Project("{FAE04EC0-301F-11D3-BF4B-00C04F79EFBC}") = "MadCalc", "MadCalc\MadCalc.csproj", "{E28D2EF4-8F71-4760-94CD-8AECAC100AE7}"
EndProject
Project("{FAE04EC0-301F-11D3-BF4B-00C04F79EFBC}") = "MadCalcSDK", "MadCalcSDK\MadCalcSDK.csproj", "{23FAD4A4-8074-4A27-A6D4-CCA1924B6CA4}"
EndProject
Project("{FAE04EC0-301F-11D3-BF4B-00C04F79EFBC}") = "SimpleCalc", "SimpleCalc\SimpleCalc.csproj", "{EB95349D-89D3-45C1-9F6F-6BA5B54A2E1A}"
EndProject
Project("{FAE04EC0-301F-11D3-BF4B-00C04F79EFBC}") = "CreditCalc", "CreditCalc\CreditCalc.csproj", "{6E9BA3F7-4E61-46CC-85CC-87BA089AAA8A}"
EndProject
Global
	GlobalSection(SolutionConfigurationPlatforms) = preSolution
		Debug|Any CPU = Debug|Any CPU
		Debug|Mixed Platforms = Debug|Mixed Platforms
		Debug|x86 = Debug|x86
		Release|Any CPU = Release|Any CPU
		Release|Mixed Platforms = Release|Mixed Platforms
		Release|x86 = Release|x86
	EndGlobalSection
	GlobalSection(ProjectConfigurationPlatforms) = postSolution
		{E28D2EF4-8F71-4760-94CD-8AECAC100AE7}.Debug|Any CPU.ActiveCfg = Debug|x86
		{E28D2EF4-8F71-4760-94CD-8AECAC100AE7}.Debug|Mixed Platforms.ActiveCfg = Debug|x86
		{E28D2EF4-8F71-4760-94CD-8AECAC100AE7}.Debug|Mixed Platforms.Build.0 = Debug|x86
		{E28D2EF4-8F71-4760-94CD-8AECAC100AE7}.Debug|x86.ActiveCfg = Debug|x86
		{E28D2EF4-8F71-4760-94CD-8AECAC100AE7}.Debug|x86.Build.0 = Debug|x86
		{E28D2EF4-8F71-4760-94CD-8AECAC100AE7}.Release|Any CPU.ActiveCfg = Release|x86
		{E28D2EF4-8F71-4760-94CD-8AECAC100AE7}.Release|Mixed Platforms.ActiveCfg = Release|x86
		{E28D2EF4-8F71-4760-94CD-8AECAC100AE7}.Release|Mixed Platforms.Build.0 = Release|x86
		{E28D2EF4-8F71-4760-94CD-8AECAC100AE7}.Release|x86.ActiveCfg = Release|x86
		{E28D2EF4-8F71-4760-94CD-8AECAC100AE7}.Release|x86.Build.0 = Release|x86
		{23FAD4A4-8074-4A27-A6D4-CCA1924B6CA4}.Debug|Any CPU.ActiveCfg = Debug|Any CPU
		{23FAD4A4-8074-4A27-A6D4-CCA1924B6CA4}.Debug|Any CPU.Build.0 = Debug|Any CPU
		{23FAD4A4-8074-4A27-A6D4-CCA1924B6CA4}.Debug|Mixed Platforms.ActiveCfg = Debug|Any CPU
		{23FAD4A4-8074-4A27-A6D4-CCA1924B6CA4}.Debug|Mixed Platforms.Build.0 = Debug|Any CPU
		{23FAD4A4-8074-4A27-A6D4-CCA1924B6CA4}.Debug|x86.ActiveCfg = Debug|Any CPU
		{23FAD4A4-8074-4A27-A6D4-CCA1924B6CA4}.Release|Any CPU.ActiveCfg = Release|Any CPU
		{23FAD4A4-8074-4A27-A6D4-CCA1924B6CA4}.Release|Any CPU.Build.0 = Release|Any CPU
		{23FAD4A4-8074-4A27-A6D4-CCA1924B6CA4}.Release|Mixed Platforms.ActiveCfg = Release|Any CPU
		{23FAD4A4-8074-4A27-A6D4-CCA1924B6CA4}.Release|Mixed Platforms.Build.0 = Release|Any CPU
		{23FAD4A4-8074-4A27-A6D4-CCA1924B6CA4}.Release|x86.ActiveCfg = Release|Any CPU
		{EB95349D-89D3-45C1-9F6F-6BA5B54A2E1A}.Debug|Any CPU.ActiveCfg = Debug|Any CPU
		{EB95349D-89D3-45C1-9F6F-6BA5B54A2E1A}.Debug|Any CPU.Build.0 = Debug|Any CPU
		{EB95349D-89D3-45C1-9F6F-6BA5B54A2E1A}.Debug|Mixed Platforms.ActiveCfg = Debug|Any CPU
		{EB95349D-89D3-45C1-9F6F-6BA5B54A2E1A}.Debug|Mixed Platforms.Build.0 = Debug|Any CPU
		{EB95349D-89D3-45C1-9F6F-6BA5B54A2E1A}.Debug|x86.ActiveCfg = Debug|Any CPU
		{EB95349D-89D3-45C1-9F6F-6BA5B54A2E1A}.Release|Any CPU.ActiveCfg = Release|Any CPU
		{EB95349D-89D3-45C1-9F6F-6BA5B54A2E1A}.Release|Any CPU.Build.0 = Release|Any CPU
		{EB95349D-89D3-45C1-9F6F-6BA5B54A2E1A}.Release|Mixed Platforms.ActiveCfg = Release|Any CPU
		{EB95349D-89D3-45C1-9F6F-6BA5B54A2E1A}.Release|Mixed Platforms.Build.0 = Release|Any CPU
		{EB95349D-89D3-45C1-9F6F-6BA5B54A2E1A}.Release|x86.ActiveCfg = Release|Any CPU
		{6E9BA3F7-4E61-46CC-85CC-87BA089AAA8A}.Debug|Any CPU.ActiveCfg = Debug|Any CPU
		{6E9BA3F7-4E61-46CC-85CC-87BA089AAA8A}.Debug|Any CPU.Build.0 = Debug|Any CPU
		{6E9BA3F7-4E61-46CC-85CC-87BA089AAA8A}.Debug|Mixed Platforms.ActiveCfg = Debug|Any CPU
		{6E9BA3F7-4E61-46CC-85CC-87BA089AAA8A}.Debug|Mixed Platforms.Build.0 = Debug|Any CPU
		{6E9BA3F7-4E61-46CC-85CC-87BA089AAA8A}.Debug|x86.ActiveCfg = Debug|Any CPU
		{6E9BA3F7-4E61-46CC-85CC-87BA089AAA8A}.Release|Any CPU.ActiveCfg = Release|Any CPU
		{6E9BA3F7-4E61-46CC-85CC-87BA089AAA8A}.Release|Any CPU.Build.0 = Release|Any CPU
		{6E9BA3F7-4E61-46CC-85CC-87BA089AAA8A}.Release|Mixed Platforms.ActiveCfg = Release|Any CPU
		{6E9BA3F7-4E61-46CC-85CC-87BA089AAA8A}.Release|Mixed Platforms.Build.0 = Release|Any CPU
		{6E9BA3F7-4E61-46CC-85CC-87BA089AAA8A}.Release|x86.ActiveCfg = Release|Any CPU
	EndGlobalSection
	GlobalSection(SolutionProperties) = preSolution
		HideSolutionNode = FALSE
	EndGlobalSection
EndGlobal
